{
  "lockfileVersion": 1,
  "workspaces": {
    "": {
      "name": "protocol-v3.4-upgrade",
      "dependencies": {
        "@bgd-labs/aave-address-book": "^4.34.0",
        "@bgd-labs/aave-cli": "^1.4.1",
        "@bgd-labs/cli": "0.0.61",
        "@bgd-labs/toolbox": "^0.0.51",
        "p-queue": "^8.1.0",
        "prettier": "^3.5.3",
      },
    },
  },
  "packages": {
    "@adraffy/ens-normalize": ["@adraffy/ens-normalize@1.11.0", "", {}, "sha512-/3DDPKHqqIqxUULp8yP4zODUY1i+2xvVWsv8A79xGWdCAG+8sb0hRh0Rk2QyOJUnnbyPUAZYcpBuRe3nS2OIUg=="],

    "@ark/schema": ["@ark/schema@0.46.0", "", { "dependencies": { "@ark/util": "0.46.0" } }, "sha512-c2UQdKgP2eqqDArfBqQIJppxJHvNNXuQPeuSPlDML4rjw+f1cu0qAlzOG4b8ujgm9ctIDWwhpyw6gjG5ledIVQ=="],

    "@ark/util": ["@ark/util@0.46.0", "", {}, "sha512-JPy/NGWn/lvf1WmGCPw2VGpBg5utZraE84I7wli18EDF3p3zc/e9WolT35tINeZO3l7C77SjqRJeAUoT0CvMRg=="],

    "@assemblyscript/loader": ["@assemblyscript/loader@0.9.4", "", {}, "sha512-HazVq9zwTVwGmqdwYzu7WyQ6FQVZ7SwET0KKQuKm55jD0IfUpZgN0OPIiZG3zV1iSrVYcN0bdwLRXI/VNCYsUA=="],

    "@bgd-labs/aave-address-book": ["@bgd-labs/aave-address-book@4.34.0", "", { "peerDependencies": { "viem": "^2.23.5" } }, "sha512-fb7AHM4Hp2y+fjLyGRoDCbXLOYDofdIIrf3bboW7mvvRlJCbHDsTCCWRrgD2JstTm6TUkvc2G6vbUw9y3vEJbQ=="],

    "@bgd-labs/aave-cli": ["@bgd-labs/aave-cli@1.4.1", "", { "dependencies": { "@bgd-labs/aave-address-book": "^4.28.1", "@bgd-labs/aave-v3-governance-cache": "^1.0.11", "@bgd-labs/toolbox": "^0.0.40", "@commander-js/extra-typings": "^12.1.0", "@inquirer/prompts": "^7.1.0", "blockstore-core": "^5.0.4", "bs58": "^6.0.0", "chalk": "^4.1.2", "commander": "^12.1.0", "deepmerge": "^4.3.1", "dotenv": "^16.4.1", "find-object-paths": "^1.1.0", "gray-matter": "^4.0.3", "ipfs-unixfs-importer": "^15.4.0", "json-bigint": "^1.0.0", "viem": "^2.22.21", "zod": "^3.23.8" }, "bin": { "aave-cli": "dist/cli.js" } }, "sha512-gSElE1hVKvqqTcECayjogcWikthrpM/eFAPhrfso8lt6LsTlZhe/QgDOVj51P1bXdlAkaJAsTAGPjZWBKHMLFA=="],

    "@bgd-labs/aave-v3-governance-cache": ["@bgd-labs/aave-v3-governance-cache@1.0.11", "", { "peerDependencies": { "@bgd-labs/aave-address-book": "^4.21.0", "viem": "^2.30.0" } }, "sha512-K5HPPxIN4EOM/AGz6PF+mmc3LjfYG0N4BQDvS+ZMPKFnzBqhk43gYyzNwyRlAG3uo8LS//+pH5ReHQfz0p2DvA=="],

    "@bgd-labs/cli": ["@bgd-labs/cli@0.0.61", "", { "dependencies": { "@bgd-labs/aave-address-book": "^4.30.3", "@bgd-labs/toolbox": "0.0.51", "@commander-js/extra-typings": "^13.1.0", "@inquirer/prompts": "^7.3.2", "dotenv": "^16.4.7", "viem": "^2.37.6" }, "bin": { "cli": "dist/index.js" } }, "sha512-HDnROAnIogSnfk3N5aka/EE4aRNFeUUeV58uGCB48NnCCUngw4Pg4IZeQOaSV2zta/Vo8OjW3qN8uiMUr2ruOA=="],

    "@bgd-labs/toolbox": ["@bgd-labs/toolbox@0.0.51", "", { "dependencies": { "@openzeppelin/contracts-upgradeable": "^5.4.0", "arktype": "^2.1.20", "blockstore-core": "^5.0.2", "diff": "^7.0.0", "eventsource": "^3.0.6", "gray-matter": "^4.0.3", "ipfs-unixfs-importer": "^15.3.2", "ts-pattern": "^5.8.0", "viem": "^2.37.6" }, "peerDependencies": { "prettier": "^3.5.2", "prettier-plugin-solidity": "^1.0.0" } }, "sha512-9zvEipJ/yuqeI6tEXvuki903EDk73fXlzhCcXMKHNy4Q4MDDBp4z1qT8JYWkXxafEv2jLgy2V+IL5UHO3hgcZQ=="],

    "@chainsafe/is-ip": ["@chainsafe/is-ip@2.0.2", "", {}, "sha512-ndGqEMG1W5WkGagaqOZHpPU172AGdxr+LD15sv3WIUvT5oCFUrG1Y0CW/v2Egwj4JXEvSibaIIIqImsm98y1nA=="],

    "@chainsafe/netmask": ["@chainsafe/netmask@2.0.0", "", { "dependencies": { "@chainsafe/is-ip": "^2.0.1" } }, "sha512-I3Z+6SWUoaljh3TBzCnCxjlUyN8tA+NAk5L6m9IxvCf1BENQTePzPMis97CoN/iMW1St3WN+AWCCRp+TTBRiDg=="],

    "@commander-js/extra-typings": ["@commander-js/extra-typings@12.1.0", "", { "peerDependencies": { "commander": "~12.1.0" } }, "sha512-wf/lwQvWAA0goIghcb91dQYpkLBcyhOhQNqG/VgWhnKzgt+UOMvra7EX/2fv70arm5RW+PUHoQHHDa6/p77Eqg=="],

    "@inquirer/checkbox": ["@inquirer/checkbox@4.2.0", "", { "dependencies": { "@inquirer/core": "^10.1.15", "@inquirer/figures": "^1.0.13", "@inquirer/type": "^3.0.8", "ansi-escapes": "^4.3.2", "yoctocolors-cjs": "^2.1.2" }, "peerDependencies": { "@types/node": ">=18" }, "optionalPeers": ["@types/node"] }, "sha512-fdSw07FLJEU5vbpOPzXo5c6xmMGDzbZE2+niuDHX5N6mc6V0Ebso/q3xiHra4D73+PMsC8MJmcaZKuAAoaQsSA=="],

    "@inquirer/confirm": ["@inquirer/confirm@5.1.14", "", { "dependencies": { "@inquirer/core": "^10.1.15", "@inquirer/type": "^3.0.8" }, "peerDependencies": { "@types/node": ">=18" }, "optionalPeers": ["@types/node"] }, "sha512-5yR4IBfe0kXe59r1YCTG8WXkUbl7Z35HK87Sw+WUyGD8wNUx7JvY7laahzeytyE1oLn74bQnL7hstctQxisQ8Q=="],

    "@inquirer/core": ["@inquirer/core@10.1.15", "", { "dependencies": { "@inquirer/figures": "^1.0.13", "@inquirer/type": "^3.0.8", "ansi-escapes": "^4.3.2", "cli-width": "^4.1.0", "mute-stream": "^2.0.0", "signal-exit": "^4.1.0", "wrap-ansi": "^6.2.0", "yoctocolors-cjs": "^2.1.2" }, "peerDependencies": { "@types/node": ">=18" }, "optionalPeers": ["@types/node"] }, "sha512-8xrp836RZvKkpNbVvgWUlxjT4CraKk2q+I3Ksy+seI2zkcE+y6wNs1BVhgcv8VyImFecUhdQrYLdW32pAjwBdA=="],

    "@inquirer/editor": ["@inquirer/editor@4.2.15", "", { "dependencies": { "@inquirer/core": "^10.1.15", "@inquirer/type": "^3.0.8", "external-editor": "^3.1.0" }, "peerDependencies": { "@types/node": ">=18" }, "optionalPeers": ["@types/node"] }, "sha512-wst31XT8DnGOSS4nNJDIklGKnf+8shuauVrWzgKegWUe28zfCftcWZ2vktGdzJgcylWSS2SrDnYUb6alZcwnCQ=="],

    "@inquirer/expand": ["@inquirer/expand@4.0.17", "", { "dependencies": { "@inquirer/core": "^10.1.15", "@inquirer/type": "^3.0.8", "yoctocolors-cjs": "^2.1.2" }, "peerDependencies": { "@types/node": ">=18" }, "optionalPeers": ["@types/node"] }, "sha512-PSqy9VmJx/VbE3CT453yOfNa+PykpKg/0SYP7odez1/NWBGuDXgPhp4AeGYYKjhLn5lUUavVS/JbeYMPdH50Mw=="],

    "@inquirer/figures": ["@inquirer/figures@1.0.13", "", {}, "sha512-lGPVU3yO9ZNqA7vTYz26jny41lE7yoQansmqdMLBEfqaGsmdg7V3W9mK9Pvb5IL4EVZ9GnSDGMO/cJXud5dMaw=="],

    "@inquirer/input": ["@inquirer/input@4.2.1", "", { "dependencies": { "@inquirer/core": "^10.1.15", "@inquirer/type": "^3.0.8" }, "peerDependencies": { "@types/node": ">=18" }, "optionalPeers": ["@types/node"] }, "sha512-tVC+O1rBl0lJpoUZv4xY+WGWY8V5b0zxU1XDsMsIHYregdh7bN5X5QnIONNBAl0K765FYlAfNHS2Bhn7SSOVow=="],

    "@inquirer/number": ["@inquirer/number@3.0.17", "", { "dependencies": { "@inquirer/core": "^10.1.15", "@inquirer/type": "^3.0.8" }, "peerDependencies": { "@types/node": ">=18" }, "optionalPeers": ["@types/node"] }, "sha512-GcvGHkyIgfZgVnnimURdOueMk0CztycfC8NZTiIY9arIAkeOgt6zG57G+7vC59Jns3UX27LMkPKnKWAOF5xEYg=="],

    "@inquirer/password": ["@inquirer/password@4.0.17", "", { "dependencies": { "@inquirer/core": "^10.1.15", "@inquirer/type": "^3.0.8", "ansi-escapes": "^4.3.2" }, "peerDependencies": { "@types/node": ">=18" }, "optionalPeers": ["@types/node"] }, "sha512-DJolTnNeZ00E1+1TW+8614F7rOJJCM4y4BAGQ3Gq6kQIG+OJ4zr3GLjIjVVJCbKsk2jmkmv6v2kQuN/vriHdZA=="],

    "@inquirer/prompts": ["@inquirer/prompts@7.7.0", "", { "dependencies": { "@inquirer/checkbox": "^4.2.0", "@inquirer/confirm": "^5.1.14", "@inquirer/editor": "^4.2.15", "@inquirer/expand": "^4.0.17", "@inquirer/input": "^4.2.1", "@inquirer/number": "^3.0.17", "@inquirer/password": "^4.0.17", "@inquirer/rawlist": "^4.1.5", "@inquirer/search": "^3.0.17", "@inquirer/select": "^4.3.0" }, "peerDependencies": { "@types/node": ">=18" }, "optionalPeers": ["@types/node"] }, "sha512-8/7fOJA/Q5qqxznIvYjEvUCeRE6pncc1OHEmeA5JdNIKfOBC3a0EE5lFBofTWK/WXKfsjMkIz28y/uL6A3frYA=="],

    "@inquirer/rawlist": ["@inquirer/rawlist@4.1.5", "", { "dependencies": { "@inquirer/core": "^10.1.15", "@inquirer/type": "^3.0.8", "yoctocolors-cjs": "^2.1.2" }, "peerDependencies": { "@types/node": ">=18" }, "optionalPeers": ["@types/node"] }, "sha512-R5qMyGJqtDdi4Ht521iAkNqyB6p2UPuZUbMifakg1sWtu24gc2Z8CJuw8rP081OckNDMgtDCuLe42Q2Kr3BolA=="],

    "@inquirer/search": ["@inquirer/search@3.0.17", "", { "dependencies": { "@inquirer/core": "^10.1.15", "@inquirer/figures": "^1.0.13", "@inquirer/type": "^3.0.8", "yoctocolors-cjs": "^2.1.2" }, "peerDependencies": { "@types/node": ">=18" }, "optionalPeers": ["@types/node"] }, "sha512-CuBU4BAGFqRYors4TNCYzy9X3DpKtgIW4Boi0WNkm4Ei1hvY9acxKdBdyqzqBCEe4YxSdaQQsasJlFlUJNgojw=="],

    "@inquirer/select": ["@inquirer/select@4.3.0", "", { "dependencies": { "@inquirer/core": "^10.1.15", "@inquirer/figures": "^1.0.13", "@inquirer/type": "^3.0.8", "ansi-escapes": "^4.3.2", "yoctocolors-cjs": "^2.1.2" }, "peerDependencies": { "@types/node": ">=18" }, "optionalPeers": ["@types/node"] }, "sha512-dY4sPBAfGH6Cv435gOSbNbMsLd6v1ItNmhjsLY+LTY4h8L+SAOERL2L/VtvjZFSVpVcY4dcu8fo6Uq8H8vNvzQ=="],

    "@inquirer/type": ["@inquirer/type@3.0.8", "", { "peerDependencies": { "@types/node": ">=18" }, "optionalPeers": ["@types/node"] }, "sha512-lg9Whz8onIHRthWaN1Q9EGLa/0LFJjyM8mEUbL1eTi6yMGvBf8gvyDLtxSXztQsxMvhxxNpJYrwa1YHdq+w4Jw=="],

    "@ipld/dag-pb": ["@ipld/dag-pb@4.1.5", "", { "dependencies": { "multiformats": "^13.1.0" } }, "sha512-w4PZ2yPqvNmlAir7/2hsCRMqny1EY5jj26iZcSgxREJexmbAc2FI21jp26MqiNdfgAxvkCnf2N/TJI18GaDNwA=="],

    "@leichtgewicht/ip-codec": ["@leichtgewicht/ip-codec@2.0.5", "", {}, "sha512-Vo+PSpZG2/fmgmiNzYK9qWRh8h/CHrwD0mo1h1DzL4yzHNSfWYujGTYsWGreD000gcgmZ7K4Ys6Tx9TxtsKdDw=="],

    "@libp2p/interface": ["@libp2p/interface@2.11.0", "", { "dependencies": { "@multiformats/dns": "^1.0.6", "@multiformats/multiaddr": "^12.4.4", "it-pushable": "^3.2.3", "it-stream-types": "^2.0.2", "main-event": "^1.0.1", "multiformats": "^13.3.6", "progress-events": "^1.0.1", "uint8arraylist": "^2.4.8" } }, "sha512-0MUFKoXWHTQW3oWIgSHApmYMUKWO/Y02+7Hpyp+n3z+geD4Xo2Rku2gYWmxcq+Pyjkz6Q9YjDWz3Yb2SoV2E8Q=="],

    "@libp2p/logger": ["@libp2p/logger@5.2.0", "", { "dependencies": { "@libp2p/interface": "^2.11.0", "@multiformats/multiaddr": "^12.4.4", "interface-datastore": "^8.3.1", "multiformats": "^13.3.6", "weald": "^1.0.4" } }, "sha512-OEFS529CnIKfbWEHmuCNESw9q0D0hL8cQ8klQfjIVPur15RcgAEgc1buQ7Y6l0B6tCYg120bp55+e9tGvn8c0g=="],

    "@multiformats/dns": ["@multiformats/dns@1.0.6", "", { "dependencies": { "@types/dns-packet": "^5.6.5", "buffer": "^6.0.3", "dns-packet": "^5.6.1", "hashlru": "^2.3.0", "p-queue": "^8.0.1", "progress-events": "^1.0.0", "uint8arrays": "^5.0.2" } }, "sha512-nt/5UqjMPtyvkG9BQYdJ4GfLK3nMqGpFZOzf4hAmIa0sJh2LlS9YKXZ4FgwBDsaHvzZqR/rUFIywIc7pkHNNuw=="],

    "@multiformats/multiaddr": ["@multiformats/multiaddr@12.5.1", "", { "dependencies": { "@chainsafe/is-ip": "^2.0.1", "@chainsafe/netmask": "^2.0.0", "@multiformats/dns": "^1.0.3", "abort-error": "^1.0.1", "multiformats": "^13.0.0", "uint8-varint": "^2.0.1", "uint8arrays": "^5.0.0" } }, "sha512-+DDlr9LIRUS8KncI1TX/FfUn8F2dl6BIxJgshS/yFQCNB5IAF0OGzcwB39g5NLE22s4qqDePv0Qof6HdpJ/4aQ=="],

    "@multiformats/murmur3": ["@multiformats/murmur3@2.1.8", "", { "dependencies": { "multiformats": "^13.0.0", "murmurhash3js-revisited": "^3.0.0" } }, "sha512-6vId1C46ra3R1sbJUOFCZnsUIveR9oF20yhPmAFxPm0JfrX3/ZRCgP3YDrBzlGoEppOXnA9czHeYc0T9mB6hbA=="],

    "@noble/ciphers": ["@noble/ciphers@1.3.0", "", {}, "sha512-2I0gnIVPtfnMw9ee9h1dJG7tp81+8Ob3OJb3Mv37rx5L40/b0i7djjCVvGOVqc9AEIQyvyu1i6ypKdFw8R8gQw=="],

    "@noble/curves": ["@noble/curves@1.9.1", "", { "dependencies": { "@noble/hashes": "1.8.0" } }, "sha512-k11yZxZg+t+gWvBbIswW0yoJlu8cHOC7dhunwOzoWH/mXGBiYyR4YY6hAEK/3EUs4UpB8la1RfdRpeGsFHkWsA=="],

    "@noble/hashes": ["@noble/hashes@1.8.0", "", {}, "sha512-jCs9ldd7NwzpgXDIf6P3+NrHh9/sD6CQdxHyjQI+h/6rDNo88ypBxxz45UDuZHz9r3tNz7N/VInSVoVdtXEI4A=="],

    "@openzeppelin/contracts": ["@openzeppelin/contracts@5.4.0", "", {}, "sha512-eCYgWnLg6WO+X52I16TZt8uEjbtdkgLC0SUX/xnAksjjrQI4Xfn4iBRoI5j55dmlOhDv1Y7BoR3cU7e3WWhC6A=="],

    "@openzeppelin/contracts-upgradeable": ["@openzeppelin/contracts-upgradeable@5.4.0", "", { "peerDependencies": { "@openzeppelin/contracts": "5.4.0" } }, "sha512-STJKyDzUcYuB35Zub1JpWW58JxvrFFVgQ+Ykdr8A9PGXgtq/obF5uoh07k2XmFyPxfnZdPdBdhkJ/n2YxJ87HQ=="],

    "@scure/base": ["@scure/base@1.2.6", "", {}, "sha512-g/nm5FgUa//MCj1gV09zTJTaM6KBAHqLN907YVQqf7zC49+DcO4B1so4ZX07Ef10Twr6nuqYEH9GEggFXA4Fmg=="],

    "@scure/bip32": ["@scure/bip32@1.7.0", "", { "dependencies": { "@noble/curves": "~1.9.0", "@noble/hashes": "~1.8.0", "@scure/base": "~1.2.5" } }, "sha512-E4FFX/N3f4B80AKWp5dP6ow+flD1LQZo/w8UnLGYZO674jS6YnYeepycOOksv+vLPSpgN35wgKgy+ybfTb2SMw=="],

    "@scure/bip39": ["@scure/bip39@1.6.0", "", { "dependencies": { "@noble/hashes": "~1.8.0", "@scure/base": "~1.2.5" } }, "sha512-+lF0BbLiJNwVlev4eKelw1WWLaiKXw7sSl8T6FvBlWkdX+94aGJ4o8XjUdlyhTCjd8c+B3KT3JfS8P0bLRNU6A=="],

    "@solidity-parser/parser": ["@solidity-parser/parser@0.20.1", "", {}, "sha512-58I2sRpzaQUN+jJmWbHfbWf9AKfzqCI8JAdFB0vbyY+u8tBRcuTt9LxzasvR0LGQpcRv97eyV7l61FQ3Ib7zVw=="],

    "@types/dns-packet": ["@types/dns-packet@5.6.5", "", { "dependencies": { "@types/node": "*" } }, "sha512-qXOC7XLOEe43ehtWJCMnQXvgcIpv6rPmQ1jXT98Ad8A3TB1Ue50jsCbSSSyuazScEuZ/Q026vHbrOTVkmwA+7Q=="],

    "@types/node": ["@types/node@22.10.1", "", { "dependencies": { "undici-types": "~6.20.0" } }, "sha512-qKgsUwfHZV2WCWLAnVP1JqnpE6Im6h3Y0+fYgMTasNQ7V++CBX5OT1as0g0f+OyubbFqhf6XVNIsmN4IIhEgGQ=="],

    "abitype": ["abitype@1.1.0", "", { "peerDependencies": { "typescript": ">=5.0.4", "zod": "^3.22.0 || ^4.0.0" }, "optionalPeers": ["typescript", "zod"] }, "sha512-6Vh4HcRxNMLA0puzPjM5GBgT4aAcFGKZzSgAXvuZ27shJP6NEpielTuqbBmZILR5/xd0PizkBGy5hReKz9jl5A=="],

    "abort-error": ["abort-error@1.0.1", "", {}, "sha512-fxqCblJiIPdSXIUrxI0PL+eJG49QdP9SQ70qtB65MVAoMr2rASlOyAbJFOylfB467F/f+5BCLJJq58RYi7mGfg=="],

    "ansi-escapes": ["ansi-escapes@4.3.2", "", { "dependencies": { "type-fest": "^0.21.3" } }, "sha512-gKXj5ALrKWQLsYG9jlTRmR/xKluxHV+Z9QEwNIgCfM1/uwPMCuzVVnh5mwTd+OuBZcwSIMbqssNWRm1lE51QaQ=="],

    "ansi-regex": ["ansi-regex@5.0.1", "", {}, "sha512-quJQXlTSUGL2LH9SUXo8VwsY4soanhgo6LNSm84E1LBcE8s3O0wpdiRzyR9z/ZZJMlMWv37qOOb9pdJlMUEKFQ=="],

    "ansi-styles": ["ansi-styles@4.3.0", "", { "dependencies": { "color-convert": "^2.0.1" } }, "sha512-zbB9rCJAT1rbjiVDb2hqKFHNYLxgtk8NURxZ3IZwD3F6NtxbXZQCnnSi1Lkx+IDohdPlFp222wVALIheZJQSEg=="],

    "argparse": ["argparse@1.0.10", "", { "dependencies": { "sprintf-js": "~1.0.2" } }, "sha512-o5Roy6tNG4SL/FOkCAN6RzjiakZS25RLYFrcMttJqbdd8BWrnA+fGz57iN5Pb06pvBGvl5gQ0B48dJlslXvoTg=="],

    "arktype": ["arktype@2.1.20", "", { "dependencies": { "@ark/schema": "0.46.0", "@ark/util": "0.46.0" } }, "sha512-IZCEEXaJ8g+Ijd59WtSYwtjnqXiwM8sWQ5EjGamcto7+HVN9eK0C4p0zDlCuAwWhpqr6fIBkxPuYDl4/Mcj/+Q=="],

    "base-x": ["base-x@5.0.1", "", {}, "sha512-M7uio8Zt++eg3jPj+rHMfCC+IuygQHHCOU+IYsVtik6FWjuYpVt/+MRKcgsAMHh8mMFAwnB+Bs+mTrFiXjMzKg=="],

    "base64-js": ["base64-js@1.5.1", "", {}, "sha512-AKpaYlHn8t4SVbOHCy+b5+KKgvR4vrsD8vbvrbiQJps7fKDTkjkDry6ji0rUJjC0kzbNePLwzxq8iypo41qeWA=="],

    "bignumber.js": ["bignumber.js@9.1.2", "", {}, "sha512-2/mKyZH9K85bzOEfhXDBFZTGd1CTs+5IHpeFQo9luiBG7hghdC851Pj2WAhb6E3R6b9tZj/XKhbg4fum+Kepug=="],

    "bl": ["bl@5.1.0", "", { "dependencies": { "buffer": "^6.0.3", "inherits": "^2.0.4", "readable-stream": "^3.4.0" } }, "sha512-tv1ZJHLfTDnXE6tMHv73YgSJaWR2AFuPwMntBe7XL/GBFHnT0CLnsHMogfk5+GzCDC5ZWarSCYaIGATZt9dNsQ=="],

    "blockstore-core": ["blockstore-core@5.0.4", "", { "dependencies": { "@libp2p/logger": "^5.1.18", "interface-blockstore": "^5.0.0", "interface-store": "^6.0.0", "it-filter": "^3.1.3", "it-merge": "^3.0.11", "multiformats": "^13.3.6" } }, "sha512-v7wtBEpW2J/kKljN7Z2u4Tnwr7qwnOvW1aPVfynIxEdejlVC7gg4z9k6iJt7n5XMGkdNnH4HOmVcjYcaMnu7yg=="],

    "bs58": ["bs58@6.0.0", "", { "dependencies": { "base-x": "^5.0.0" } }, "sha512-PD0wEnEYg6ijszw/u8s+iI3H17cTymlrwkKhDhPZq+Sokl3AU4htyBFTjAeNAlCCmg0f53g6ih3jATyCKftTfw=="],

    "buffer": ["buffer@6.0.3", "", { "dependencies": { "base64-js": "^1.3.1", "ieee754": "^1.2.1" } }, "sha512-FTiCpNxtwiZZHEZbcbTIcZjERVICn9yq/pDFkTl95/AxzD1naBctN7YO68riM/gLSDY7sdrMby8hofADYuuqOA=="],

    "chalk": ["chalk@4.1.2", "", { "dependencies": { "ansi-styles": "^4.1.0", "supports-color": "^7.1.0" } }, "sha512-oKnbhFyRIXpUuez8iBMmyEa4nbj4IOQyuhc/wy9kY7/WVPcwIO9VA668Pu8RkO7+0G76SLROeyw9CpQ061i4mA=="],

    "chardet": ["chardet@0.7.0", "", {}, "sha512-mT8iDcrh03qDGRRmoA2hmBJnxpllMR+0/0qlzjqZES6NdiWDcZkCNAk4rPFZ9Q85r27unkiNNg8ZOiwZXBHwcA=="],

    "cli-width": ["cli-width@4.1.0", "", {}, "sha512-ouuZd4/dm2Sw5Gmqy6bGyNNNe1qt9RpmxveLSO7KcgsTnU7RXfsw+/bukWGo1abgBiMAic068rclZsO4IWmmxQ=="],

    "color-convert": ["color-convert@2.0.1", "", { "dependencies": { "color-name": "~1.1.4" } }, "sha512-RRECPsj7iu/xb5oKYcsFHSppFNnsj/52OVTRKb4zP5onXwVF3zVmmToNcOfGC+CRDpfK/U584fMg38ZHCaElKQ=="],

    "color-name": ["color-name@1.1.4", "", {}, "sha512-dOy+3AuW3a2wNbZHIuMZpTcgjGuLU/uBL/ubcZF9OXbDo8ff4O8yVp5Bf0efS8uEoYo5q4Fx7dY9OgQGXgAsQA=="],

    "commander": ["commander@12.1.0", "", {}, "sha512-Vw8qHK3bZM9y/P10u3Vib8o/DdkvA2OtPtZvD871QKjy74Wj1WSKFILMPRPSdUSx5RFK1arlJzEtA4PkFgnbuA=="],

    "debug": ["debug@4.3.7", "", { "dependencies": { "ms": "^2.1.3" } }, "sha512-Er2nc/H7RrMXZBFCEim6TCmMk02Z8vLC2Rbi1KEBggpo0fS6l0S1nnapwmIi3yW/+GOJap1Krg4w0Hg80oCqgQ=="],

    "deepmerge": ["deepmerge@4.3.1", "", {}, "sha512-3sUqbMEc77XqpdNO7FRyRog+eW3ph+GYCbj+rK+uYyRMuwsVy0rMiVtPn+QJlKFvWP/1PYpapqYn0Me2knFn+A=="],

    "diff": ["diff@7.0.0", "", {}, "sha512-PJWHUb1RFevKCwaFA9RlG5tCd+FO5iRh9A8HEtkmBH2Li03iJriB6m6JIN4rGz3K3JLawI7/veA1xzRKP6ISBw=="],

    "dns-packet": ["dns-packet@5.6.1", "", { "dependencies": { "@leichtgewicht/ip-codec": "^2.0.1" } }, "sha512-l4gcSouhcgIKRvyy99RNVOgxXiicE+2jZoNmaNmZ6JXiGajBOJAesk1OBlJuM5k2c+eudGdLxDqXuPCKIj6kpw=="],

    "dotenv": ["dotenv@16.6.1", "", {}, "sha512-uBq4egWHTcTt33a72vpSG0z3HnPuIl6NqYcTrKEg2azoEyl2hpW0zqlxysq2pK9HlDIHyHyakeYaYnSAwd8bow=="],

    "emoji-regex": ["emoji-regex@8.0.0", "", {}, "sha512-MSjYzcWNOA0ewAHpz0MxpYFvwg6yjy1NG3xteoqz644VCo/RPgnr1/GGt+ic3iJTzQ8Eu3TdM14SawnVUmGE6A=="],

    "esprima": ["esprima@4.0.1", "", { "bin": { "esparse": "bin/esparse.js", "esvalidate": "bin/esvalidate.js" } }, "sha512-eGuFFw7Upda+g4p+QHvnW0RyTX/SVeJBDM/gCtMARO0cLuT2HcEKnTPvhjV6aGeqrCB/sbNop0Kszm0jsaWU4A=="],

    "eventemitter3": ["eventemitter3@5.0.1", "", {}, "sha512-GWkBvjiSZK87ELrYOSESUYeVIc9mvLLf/nXalMOS5dYrgZq9o5OVkbZAVM06CVxYsCwH9BDZFPlQTlPA1j4ahA=="],

    "eventsource": ["eventsource@3.0.7", "", { "dependencies": { "eventsource-parser": "^3.0.1" } }, "sha512-CRT1WTyuQoD771GW56XEZFQ/ZoSfWid1alKGDYMmkt2yl8UXrVR4pspqWNEcqKvVIzg6PAltWjxcSSPrboA4iA=="],

    "eventsource-parser": ["eventsource-parser@3.0.2", "", {}, "sha512-6RxOBZ/cYgd8usLwsEl+EC09Au/9BcmCKYF2/xbml6DNczf7nv0MQb+7BA2F+li6//I+28VNlQR37XfQtcAJuA=="],

    "extend-shallow": ["extend-shallow@2.0.1", "", { "dependencies": { "is-extendable": "^0.1.0" } }, "sha512-zCnTtlxNoAiDc3gqY2aYAWFx7XWWiasuF2K8Me5WbN8otHKTUKBwjPtNpRs/rbUZm7KxWAaNj7P1a/p52GbVug=="],

    "external-editor": ["external-editor@3.1.0", "", { "dependencies": { "chardet": "^0.7.0", "iconv-lite": "^0.4.24", "tmp": "^0.0.33" } }, "sha512-hMQ4CX1p1izmuLYyZqLMO/qGNw10wSv9QDCPfzXfyFrOaCSSoRfqE1Kf1s5an66J5JZC62NewG+mK49jOCtQew=="],

    "find-object-paths": ["find-object-paths@1.1.0", "", {}, "sha512-UJvfPQibLUOrXl76PJ49cYbXJPsU1lYX6Pw7mHVW+ahaGx6kVHiozNIQriDc/EOlSvkDa6L9GyTFXPYQsa6sGA=="],

    "gray-matter": ["gray-matter@4.0.3", "", { "dependencies": { "js-yaml": "^3.13.1", "kind-of": "^6.0.2", "section-matter": "^1.0.0", "strip-bom-string": "^1.0.0" } }, "sha512-5v6yZd4JK3eMI3FqqCouswVqwugaA9r4dNZB1wwcmrD02QkV5H0y7XBQW8QwQqEaZY1pM9aqORSORhJRdNK44Q=="],

    "hamt-sharding": ["hamt-sharding@3.0.6", "", { "dependencies": { "sparse-array": "^1.3.1", "uint8arrays": "^5.0.1" } }, "sha512-nZeamxfymIWLpVcAN0CRrb7uVq3hCOGj9IcL6NMA6VVCVWqj+h9Jo/SmaWuS92AEDf1thmHsM5D5c70hM3j2Tg=="],

    "has-flag": ["has-flag@4.0.0", "", {}, "sha512-EykJT/Q1KjTWctppgIAgfSO0tKVuZUjhgMr17kqTumMl6Afv3EISleU7qZUzoXDFTAHTDC4NOoG/ZxU3EvlMPQ=="],

    "hashlru": ["hashlru@2.3.0", "", {}, "sha512-0cMsjjIC8I+D3M44pOQdsy0OHXGLVz6Z0beRuufhKa0KfaD2wGwAev6jILzXsd3/vpnNQJmWyZtIILqM1N+n5A=="],

    "iconv-lite": ["iconv-lite@0.4.24", "", { "dependencies": { "safer-buffer": ">= 2.1.2 < 3" } }, "sha512-v3MXnZAcvnywkTUEZomIActle7RXXeedOR31wwl7VlyoXO4Qi9arvSenNQWne1TcRwhCL1HwLI21bEqdpj8/rA=="],

    "ieee754": ["ieee754@1.2.1", "", {}, "sha512-dcyqhDvX1C46lXZcVqCpK+FtMRQVdIMN6/Df5js2zouUsqG7I6sFxitIC+7KYK29KdXOLHdu9zL4sFnoVQnqaA=="],

    "inherits": ["inherits@2.0.4", "", {}, "sha512-k/vGaX4/Yla3WzyMCvTQOXYeIHvqOKtnqBduzTHpzpQZzAskKMhZ2K+EnBiSM9zGSoIFeMpXKxa4dYeZIQqewQ=="],

    "interface-blockstore": ["interface-blockstore@5.3.1", "", { "dependencies": { "interface-store": "^6.0.0", "multiformats": "^13.2.3" } }, "sha512-nhgrQnz6yUQEqxTFLhlOBurQOy5lWlwCpgFmZ3GTObTVTQS9RZjK/JTozY6ty9uz2lZs7VFJSqwjWAltorJ4Vw=="],

    "interface-datastore": ["interface-datastore@8.3.1", "", { "dependencies": { "interface-store": "^6.0.0", "uint8arrays": "^5.1.0" } }, "sha512-3r0ETmHIi6HmvM5sc09QQiCD3gUfwtEM/AAChOyAd/UAKT69uk8LXfTSUBufbUIO/dU65Vj8nb9O6QjwW8vDSQ=="],

    "interface-store": ["interface-store@6.0.2", "", {}, "sha512-KSFCXtBlNoG0hzwNa0RmhHtrdhzexp+S+UY2s0rWTBJyfdEIgn6i6Zl9otVqrcFYbYrneBT7hbmHQ8gE0C3umA=="],

    "ipfs-unixfs": ["ipfs-unixfs@11.2.0", "", { "dependencies": { "protons-runtime": "^5.5.0", "uint8arraylist": "^2.4.8" } }, "sha512-J8FN1qM5nfrDo8sQKQwfj0+brTg1uBfZK2vY9hxci33lcl3BFrsELS9+1+4q/8tO1ASKfxZO8W3Pi2O4sVX2Lg=="],

    "ipfs-unixfs-importer": ["ipfs-unixfs-importer@15.4.0", "", { "dependencies": { "@ipld/dag-pb": "^4.1.5", "@multiformats/murmur3": "^2.1.8", "hamt-sharding": "^3.0.6", "interface-blockstore": "^5.3.2", "interface-store": "^6.0.3", "ipfs-unixfs": "^11.0.0", "it-all": "^3.0.9", "it-batch": "^3.0.9", "it-first": "^3.0.9", "it-parallel-batch": "^3.0.9", "multiformats": "^13.3.7", "progress-events": "^1.0.1", "rabin-wasm": "^0.1.5", "uint8arraylist": "^2.4.8", "uint8arrays": "^5.1.0" } }, "sha512-laypY07Q0uGLMSxx5YsfVAEPVzdbV2p9cEC1/HNxqoWoz83LA2nX45usr8dcehalKLHm38u0FwUiRHq5wCHngQ=="],

    "is-extendable": ["is-extendable@0.1.1", "", {}, "sha512-5BMULNob1vgFX6EjQw5izWDxrecWK9AM72rugNr0TFldMOi0fj6Jk+zeKIt0xGj4cEfQIJth4w3OKWOJ4f+AFw=="],

    "is-fullwidth-code-point": ["is-fullwidth-code-point@3.0.0", "", {}, "sha512-zymm5+u+sCsSWyD9qNaejV3DFvhCKclKdizYaJUuHA83RLjb7nSuGnddCHGv0hk+KY7BMAlsWeK4Ueg6EV6XQg=="],

    "isows": ["isows@1.0.7", "", { "peerDependencies": { "ws": "*" } }, "sha512-I1fSfDCZL5P0v33sVqeTDSpcstAg/N+wF5HS033mogOVIp4B+oHC7oOCsA3axAbBSGTJ8QubbNmnIRN/h8U7hg=="],

    "it-all": ["it-all@3.0.9", "", {}, "sha512-fz1oJJ36ciGnu2LntAlE6SA97bFZpW7Rnt0uEc1yazzR2nKokZLr8lIRtgnpex4NsmaBcvHF+Z9krljWFy/mmg=="],

    "it-batch": ["it-batch@3.0.9", "", {}, "sha512-z6p89Q8gm2urBtF3JcpnbJogacijWk3m1uc3xZYI3x0eJUoYLUbgF8IxJ2fnuVObV7yRv3SixfwGCufaZY1NCg=="],

    "it-drain": ["it-drain@3.0.7", "", {}, "sha512-vy6S1JKjjHSIFHgBpLpD1zhkCRl3z1zYWUxE14+kAYf+BL9ssWSFImJfhl361IIcwr0ofw8etzg11VqqB+ntUA=="],

    "it-filter": ["it-filter@3.1.4", "", { "dependencies": { "it-peekable": "^3.0.0" } }, "sha512-80kWEKgiFEa4fEYD3mwf2uygo1dTQ5Y5midKtL89iXyjinruA/sNXl6iFkTcdNedydjvIsFhWLiqRPQP4fAwWQ=="],

    "it-first": ["it-first@3.0.9", "", {}, "sha512-ZWYun273Gbl7CwiF6kK5xBtIKR56H1NoRaiJek2QzDirgen24u8XZ0Nk+jdnJSuCTPxC2ul1TuXKxu/7eK6NuA=="],

    "it-merge": ["it-merge@3.0.12", "", { "dependencies": { "it-queueless-pushable": "^2.0.0" } }, "sha512-nnnFSUxKlkZVZD7c0jYw6rDxCcAQYcMsFj27thf7KkDhpj0EA0g9KHPxbFzHuDoc6US2EPS/MtplkNj8sbCx4Q=="],

    "it-parallel-batch": ["it-parallel-batch@3.0.9", "", { "dependencies": { "it-batch": "^3.0.0" } }, "sha512-TszXWqqLG8IG5DUEnC4cgH9aZI6CsGS7sdkXTiiacMIj913bFy7+ohU3IqsFURCcZkpnXtNLNzrYnXISsKBhbQ=="],

    "it-peekable": ["it-peekable@3.0.5", "", {}, "sha512-JWQOGMt6rKiPcY30zUVMR4g6YxkpueTwHVE7CMs/aGqCf4OydM6w+7ZM3PvmO1e0TocjuR4aL8xyZWR46cTqCQ=="],

    "it-pushable": ["it-pushable@3.2.3", "", { "dependencies": { "p-defer": "^4.0.0" } }, "sha512-gzYnXYK8Y5t5b/BnJUr7glfQLO4U5vyb05gPx/TyTw+4Bv1zM9gFk4YsOrnulWefMewlphCjKkakFvj1y99Tcg=="],

    "it-queueless-pushable": ["it-queueless-pushable@2.0.2", "", { "dependencies": { "abort-error": "^1.0.1", "p-defer": "^4.0.1", "race-signal": "^1.1.3" } }, "sha512-2BqIt7XvDdgEgudLAdJkdseAwbVSBc0yAd8yPVHrll4eBuJPWIj9+8C3OIxzEKwhswLtd3bi+yLrzgw9gCyxMA=="],

    "it-stream-types": ["it-stream-types@2.0.2", "", {}, "sha512-Rz/DEZ6Byn/r9+/SBCuJhpPATDF9D+dz5pbgSUyBsCDtza6wtNATrz/jz1gDyNanC3XdLboriHnOC925bZRBww=="],

    "js-yaml": ["js-yaml@3.14.1", "", { "dependencies": { "argparse": "^1.0.7", "esprima": "^4.0.0" }, "bin": "bin/js-yaml.js" }, "sha512-okMH7OXXJ7YrN9Ok3/SXrnu4iX9yOk+25nqX4imS2npuvTYDmo/QEZoqwZkYaIDk3jVvBOTOIEgEhaLOynBS9g=="],

    "json-bigint": ["json-bigint@1.0.0", "", { "dependencies": { "bignumber.js": "^9.0.0" } }, "sha512-SiPv/8VpZuWbvLSMtTDU8hEfrZWg/mH/nV/b4o0CYbSxu1UIQPLdwKOCIyLQX+VIPO5vrLX3i8qtqFyhdPSUSQ=="],

    "kind-of": ["kind-of@6.0.3", "", {}, "sha512-dcS1ul+9tmeD95T+x28/ehLgd9mENa3LsvDTtzm3vyBEO7RPptvAD+t44WVXaUjTBRcrpFeFlC8WCruUR456hw=="],

    "main-event": ["main-event@1.0.1", "", {}, "sha512-NWtdGrAca/69fm6DIVd8T9rtfDII4Q8NQbIbsKQq2VzS9eqOGYs8uaNQjcuaCq/d9H/o625aOTJX2Qoxzqw0Pw=="],

    "minimist": ["minimist@1.2.8", "", {}, "sha512-2yyAR8qBkN3YuheJanUpWC5U3bb5osDywNB8RzDVlDwDHbocAJveqqj1u8+SVD7jkWT4yvsHCpWqqWqAxb0zCA=="],

    "ms": ["ms@3.0.0-canary.1", "", {}, "sha512-kh8ARjh8rMN7Du2igDRO9QJnqCb2xYTJxyQYK7vJJS4TvLLmsbyhiKpSW+t+y26gyOyMd0riphX0GeWKU3ky5g=="],

    "multiformats": ["multiformats@13.4.1", "", {}, "sha512-VqO6OSvLrFVAYYjgsr8tyv62/rCQhPgsZUXLTqoFLSgdkgiUYKYeArbt1uWLlEpkjxQe+P0+sHlbPEte1Bi06Q=="],

    "murmurhash3js-revisited": ["murmurhash3js-revisited@3.0.0", "", {}, "sha512-/sF3ee6zvScXMb1XFJ8gDsSnY+X8PbOyjIuBhtgis10W2Jx4ZjIhikUCIF9c4gpJxVnQIsPAFrSwTCuAjicP6g=="],

    "mute-stream": ["mute-stream@2.0.0", "", {}, "sha512-WWdIxpyjEn+FhQJQQv9aQAYlHoNVdzIzUySNV1gHUPDSdZJ3yZn7pAAbQcV7B56Mvu881q9FZV+0Vx2xC44VWA=="],

    "node-fetch": ["node-fetch@2.7.0", "", { "dependencies": { "whatwg-url": "^5.0.0" }, "peerDependencies": { "encoding": "^0.1.0" }, "optionalPeers": ["encoding"] }, "sha512-c4FRfUm/dbcWZ7U+1Wq0AwCyFL+3nt2bEw05wfxSz+DWpWsitgmSgYmy2dQdWyKC1694ELPqMs/YzUSNozLt8A=="],

    "os-tmpdir": ["os-tmpdir@1.0.2", "", {}, "sha512-D2FR03Vir7FIu45XBY20mTb+/ZSWB00sjU9jdQXt83gDrI4Ztz5Fs7/yy74g2N5SVQY4xY1qDr4rNddwYRVX0g=="],

    "ox": ["ox@0.9.6", "", { "dependencies": { "@adraffy/ens-normalize": "^1.11.0", "@noble/ciphers": "^1.3.0", "@noble/curves": "1.9.1", "@noble/hashes": "^1.8.0", "@scure/bip32": "^1.7.0", "@scure/bip39": "^1.6.0", "abitype": "^1.0.9", "eventemitter3": "5.0.1" }, "peerDependencies": { "typescript": ">=5.4.0" }, "optionalPeers": ["typescript"] }, "sha512-8SuCbHPvv2eZLYXrNmC0EC12rdzXQLdhnOMlHDW2wiCPLxBrOOJwX5L5E61by+UjTPOryqQiRSnjIKCI+GykKg=="],

    "p-defer": ["p-defer@4.0.1", "", {}, "sha512-Mr5KC5efvAK5VUptYEIopP1bakB85k2IWXaRC0rsh1uwn1L6M0LVml8OIQ4Gudg4oyZakf7FmeRLkMMtZW1i5A=="],

    "p-queue": ["p-queue@8.1.0", "", { "dependencies": { "eventemitter3": "^5.0.1", "p-timeout": "^6.1.2" } }, "sha512-mxLDbbGIBEXTJL0zEx8JIylaj3xQ7Z/7eEVjcF9fJX4DBiH9oqe+oahYnlKKxm0Ci9TlWTyhSHgygxMxjIB2jw=="],

    "p-timeout": ["p-timeout@6.1.3", "", {}, "sha512-UJUyfKbwvr/uZSV6btANfb+0t/mOhKV/KXcCUTp8FcQI+v/0d+wXqH4htrW0E4rR6WiEO/EPvUFiV9D5OI4vlw=="],

    "prettier": ["prettier@3.5.3", "", { "bin": "bin/prettier.cjs" }, "sha512-QQtaxnoDJeAkDvDKWCLiwIXkTgRhwYDEQCghU9Z6q03iyek/rxRh/2lC3HB7P8sWT2xC/y5JDctPLBIGzHKbhw=="],

    "prettier-plugin-solidity": ["prettier-plugin-solidity@1.4.3", "", { "dependencies": { "@solidity-parser/parser": "^0.20.1", "semver": "^7.7.1" }, "peerDependencies": { "prettier": ">=2.3.0" } }, "sha512-Mrr/iiR9f9IaeGRMZY2ApumXcn/C5Gs3S7B7hWB3gigBFML06C0yEyW86oLp0eqiA0qg+46FaChgLPJCj/pIlg=="],

    "progress-events": ["progress-events@1.0.1", "", {}, "sha512-MOzLIwhpt64KIVN64h1MwdKWiyKFNc/S6BoYKPIVUHFg0/eIEyBulhWCgn678v/4c0ri3FdGuzXymNCv02MUIw=="],

    "protons-runtime": ["protons-runtime@5.5.0", "", { "dependencies": { "uint8-varint": "^2.0.2", "uint8arraylist": "^2.4.3", "uint8arrays": "^5.0.1" } }, "sha512-EsALjF9QsrEk6gbCx3lmfHxVN0ah7nG3cY7GySD4xf4g8cr7g543zB88Foh897Sr1RQJ9yDCUsoT1i1H/cVUFA=="],

    "rabin-wasm": ["rabin-wasm@0.1.5", "", { "dependencies": { "@assemblyscript/loader": "^0.9.4", "bl": "^5.0.0", "debug": "^4.3.1", "minimist": "^1.2.5", "node-fetch": "^2.6.1", "readable-stream": "^3.6.0" }, "bin": "cli/bin.js" }, "sha512-uWgQTo7pim1Rnj5TuWcCewRDTf0PEFTSlaUjWP4eY9EbLV9em08v89oCz/WO+wRxpYuO36XEHp4wgYQnAgOHzA=="],

    "race-signal": ["race-signal@1.1.3", "", {}, "sha512-Mt2NznMgepLfORijhQMncE26IhkmjEphig+/1fKC0OtaKwys/gpvpmswSjoN01SS+VO951mj0L4VIDXdXsjnfA=="],

    "readable-stream": ["readable-stream@3.6.2", "", { "dependencies": { "inherits": "^2.0.3", "string_decoder": "^1.1.1", "util-deprecate": "^1.0.1" } }, "sha512-9u/sniCrY3D5WdsERHzHE4G2YCXqoG5FTHUiCC4SIbr6XcLZBY05ya9EKjYek9O5xOAwjGq+1JdGBAS7Q9ScoA=="],

    "safe-buffer": ["safe-buffer@5.2.1", "", {}, "sha512-rp3So07KcdmmKbGvgaNxQSJr7bGVSVk5S9Eq1F+ppbRo70+YeaDxkw5Dd8NPN+GD6bjnYm2VuPuCXmpuYvmCXQ=="],

    "safer-buffer": ["safer-buffer@2.1.2", "", {}, "sha512-YZo3K82SD7Riyi0E1EQPojLz7kpepnSQI9IyPbHHg1XXXevb5dJI7tpyN2ADxGcQbHG7vcyRHk0cbwqcQriUtg=="],

    "section-matter": ["section-matter@1.0.0", "", { "dependencies": { "extend-shallow": "^2.0.1", "kind-of": "^6.0.0" } }, "sha512-vfD3pmTzGpufjScBh50YHKzEu2lxBWhVEHsNGoEXmCmn2hKGfeNLYMzCJpe8cD7gqX7TJluOVpBkAequ6dgMmA=="],

    "semver": ["semver@7.7.2", "", { "bin": "bin/semver.js" }, "sha512-RF0Fw+rO5AMf9MAyaRXI4AV0Ulj5lMHqVxxdSgiVbixSCXoEmmX/jk0CuJw4+3SqroYO9VoUh+HcuJivvtJemA=="],

    "signal-exit": ["signal-exit@4.1.0", "", {}, "sha512-bzyZ1e88w9O1iNJbKnOlvYTrWPDl46O1bG0D3XInv+9tkPrxrN8jUUTiFlDkkmKWgn1M6CfIA13SuGqOa9Korw=="],

    "sparse-array": ["sparse-array@1.3.2", "", {}, "sha512-ZT711fePGn3+kQyLuv1fpd3rNSkNF8vd5Kv2D+qnOANeyKs3fx6bUMGWRPvgTTcYV64QMqZKZwcuaQSP3AZ0tg=="],

    "sprintf-js": ["sprintf-js@1.0.3", "", {}, "sha512-D9cPgkvLlV3t3IzL0D0YLvGA9Ahk4PcvVwUbN0dSGr1aP0Nrt4AEnTUbuGvquEC0mA64Gqt1fzirlRs5ibXx8g=="],

    "string-width": ["string-width@4.2.3", "", { "dependencies": { "emoji-regex": "^8.0.0", "is-fullwidth-code-point": "^3.0.0", "strip-ansi": "^6.0.1" } }, "sha512-wKyQRQpjJ0sIp62ErSZdGsjMJWsap5oRNihHhu6G7JVO/9jIB6UyevL+tXuOqrng8j/cxKTWyWUwvSTriiZz/g=="],

    "string_decoder": ["string_decoder@1.3.0", "", { "dependencies": { "safe-buffer": "~5.2.0" } }, "sha512-hkRX8U1WjJFd8LsDJ2yQ/wWWxaopEsABU1XfkM8A+j0+85JAGppt16cr1Whg6KIbb4okU6Mql6BOj+uup/wKeA=="],

    "strip-ansi": ["strip-ansi@6.0.1", "", { "dependencies": { "ansi-regex": "^5.0.1" } }, "sha512-Y38VPSHcqkFrCpFnQ9vuSXmquuv5oXOKpGeT6aGrr3o3Gc9AlVa6JBfUSOCnbxGGZF+/0ooI7KrPuUSztUdU5A=="],

    "strip-bom-string": ["strip-bom-string@1.0.0", "", {}, "sha512-uCC2VHvQRYu+lMh4My/sFNmF2klFymLX1wHJeXnbEJERpV/ZsVuonzerjfrGpIGF7LBVa1O7i9kjiWvJiFck8g=="],

    "supports-color": ["supports-color@7.2.0", "", { "dependencies": { "has-flag": "^4.0.0" } }, "sha512-qpCAvRl9stuOHveKsn7HncJRvv501qIacKzQlO/+Lwxc9+0q2wLyv4Dfvt80/DPn2pqOBsJdDiogXGR9+OvwRw=="],

    "tmp": ["tmp@0.0.33", "", { "dependencies": { "os-tmpdir": "~1.0.2" } }, "sha512-jRCJlojKnZ3addtTOjdIqoRuPEKBvNXcGYqzO6zWZX8KfKEpnGY5jfggJQ3EjKuu8D4bJRr0y+cYJFmYbImXGw=="],

    "tr46": ["tr46@0.0.3", "", {}, "sha512-N3WMsuqV66lT30CrXNbEjx4GEwlow3v6rr4mCcv6prnfwhS01rkgyFdjPNBYd9br7LpXV1+Emh01fHnq2Gdgrw=="],

    "ts-pattern": ["ts-pattern@5.8.0", "", {}, "sha512-kIjN2qmWiHnhgr5DAkAafF9fwb0T5OhMVSWrm8XEdTFnX6+wfXwYOFjeF86UZ54vduqiR7BfqScFmXSzSaH8oA=="],

    "type-fest": ["type-fest@0.21.3", "", {}, "sha512-t0rzBq87m3fVcduHDUFhKmyyX+9eo6WQjZvf51Ea/M0Q7+T374Jp1aUiyUl0GKxp8M/OETVHSDvmkyPgvX+X2w=="],

    "uint8-varint": ["uint8-varint@2.0.4", "", { "dependencies": { "uint8arraylist": "^2.0.0", "uint8arrays": "^5.0.0" } }, "sha512-FwpTa7ZGA/f/EssWAb5/YV6pHgVF1fViKdW8cWaEarjB8t7NyofSWBdOTyFPaGuUG4gx3v1O3PQ8etsiOs3lcw=="],

    "uint8arraylist": ["uint8arraylist@2.4.8", "", { "dependencies": { "uint8arrays": "^5.0.1" } }, "sha512-vc1PlGOzglLF0eae1M8mLRTBivsvrGsdmJ5RbK3e+QRvRLOZfZhQROTwH/OfyF3+ZVUg9/8hE8bmKP2CvP9quQ=="],

    "uint8arrays": ["uint8arrays@5.1.0", "", { "dependencies": { "multiformats": "^13.0.0" } }, "sha512-vA6nFepEmlSKkMBnLBaUMVvAC4G3CTmO58C12y4sq6WPDOR7mOFYOi7GlrQ4djeSbP6JG9Pv9tJDM97PedRSww=="],

    "undici-types": ["undici-types@6.20.0", "", {}, "sha512-Ny6QZ2Nju20vw1SRHe3d9jVu6gJ+4e3+MMpqu7pqE5HT6WsTSlce++GQmK5UXS8mzV8DSYHrQH+Xrf2jVcuKNg=="],

    "util-deprecate": ["util-deprecate@1.0.2", "", {}, "sha512-EPD5q1uXyFxJpCrLnCc1nHnq3gOa6DZBocAIiI2TaSCA7VCJ1UJDMagCzIkXNsUYfD1daK//LTEQ8xiIbrHtcw=="],

    "viem": ["viem@2.38.3", "", { "dependencies": { "@noble/curves": "1.9.1", "@noble/hashes": "1.8.0", "@scure/bip32": "1.7.0", "@scure/bip39": "1.6.0", "abitype": "1.1.0", "isows": "1.0.7", "ox": "0.9.6", "ws": "8.18.3" }, "peerDependencies": { "typescript": ">=5.0.4" }, "optionalPeers": ["typescript"] }, "sha512-By2TutLv07iNHHtWqHHzjGipevYsfGqT7KQbGEmqLco1qTJxKnvBbSviqiu6/v/9REV6Q/FpmIxf2Z7/l5AbcQ=="],

    "weald": ["weald@1.0.4", "", { "dependencies": { "ms": "^3.0.0-canary.1", "supports-color": "^9.4.0" } }, "sha512-+kYTuHonJBwmFhP1Z4YQK/dGi3jAnJGCYhyODFpHK73rbxnp9lnZQj7a2m+WVgn8fXr5bJaxUpF6l8qZpPeNWQ=="],

    "webidl-conversions": ["webidl-conversions@3.0.1", "", {}, "sha512-2JAn3z8AR6rjK8Sm8orRC0h/bcl/DqL7tRPdGZ4I1CjdF+EaMLmYxBHyXuKL849eucPFhvBoxMsflfOb8kxaeQ=="],

    "whatwg-url": ["whatwg-url@5.0.0", "", { "dependencies": { "tr46": "~0.0.3", "webidl-conversions": "^3.0.0" } }, "sha512-saE57nupxk6v3HY35+jzBwYa0rKSy0XR8JSxZPwgLr7ys0IBzhGviA1/TUGJLmSVqs8pb9AnvICXEuOHLprYTw=="],

    "wrap-ansi": ["wrap-ansi@6.2.0", "", { "dependencies": { "ansi-styles": "^4.0.0", "string-width": "^4.1.0", "strip-ansi": "^6.0.0" } }, "sha512-r6lPcBGxZXlIcymEu7InxDMhdW0KDxpLgoFLcguasxCaJ/SOIZwINatK9KY/tf+ZrlywOKU0UDj3ATXUBfxJXA=="],

    "ws": ["ws@8.18.3", "", { "peerDependencies": { "bufferutil": "^4.0.1", "utf-8-validate": ">=5.0.2" }, "optionalPeers": ["bufferutil", "utf-8-validate"] }, "sha512-PEIGCY5tSlUt50cqyMXfCzX+oOPqN0vuGqWzbcJ2xvnkzkq46oOpz7dQaTDBdfICb4N14+GARUDw2XV2N4tvzg=="],

    "yoctocolors-cjs": ["yoctocolors-cjs@2.1.2", "", {}, "sha512-cYVsTjKl8b+FrnidjibDWskAv7UKOfcwaVZdp/it9n1s9fU3IkgDbhdIRKCW4JDsAlECJY0ytoVPT3sK6kideA=="],

    "zod": ["zod@3.24.2", "", {}, "sha512-lY7CDW43ECgW9u1TcT3IoXHflywfVqDYze4waEz812jR/bZ8FHDsl7pFQoSZTz5N+2NqRXs8GBwnAwo3ZNxqhQ=="],

    "@bgd-labs/aave-cli/@bgd-labs/toolbox": ["@bgd-labs/toolbox@0.0.40", "", { "dependencies": { "arktype": "^2.1.20", "blockstore-core": "^5.0.2", "diff": "^7.0.0", "eventsource": "^3.0.6", "gray-matter": "^4.0.3", "ipfs-unixfs-importer": "^15.3.2", "ts-pattern": "^5.8.0", "viem": "^2.30.0" }, "peerDependencies": { "prettier": "^3.5.2", "prettier-plugin-solidity": "^1.0.0" } }, "sha512-vjLvGJLpFtqA9pvwrxleqIDSc2yoZJngol3VNoi6q4LgF/tG+zv6UpQ9TXKfx89BPsQpIQwkz8qnkfIC1nCv7Q=="],

    "@bgd-labs/cli/@commander-js/extra-typings": ["@commander-js/extra-typings@13.1.0", "", { "peerDependencies": { "commander": "~13.1.0" } }, "sha512-q5P52BYb1hwVWE6dtID7VvuJWrlfbCv4klj7BjUUOqMz4jbSZD4C9fJ9lRjL2jnBGTg+gDDlaXN51rkWcLk4fg=="],

    "@bgd-labs/toolbox/blockstore-core": ["blockstore-core@5.0.2", "", { "dependencies": { "@libp2p/logger": "^5.0.1", "interface-blockstore": "^5.0.0", "interface-store": "^6.0.0", "it-drain": "^3.0.7", "it-filter": "^3.1.1", "it-merge": "^3.0.5", "it-pushable": "^3.2.3", "multiformats": "^13.2.3" } }, "sha512-y7/BHdYLO3YCpJMg6Ue7b4Oz4FT1HWSZoHHdlsaJTsvoE8XieXb6kUCB9UkkUBDw2x4neRDwlgYBpyK77+Ro2Q=="],

    "@bgd-labs/toolbox/ipfs-unixfs-importer": ["ipfs-unixfs-importer@15.3.2", "", { "dependencies": { "@ipld/dag-pb": "^4.1.2", "@multiformats/murmur3": "^2.1.8", "hamt-sharding": "^3.0.6", "interface-blockstore": "^5.3.0", "interface-store": "^6.0.0", "ipfs-unixfs": "^11.0.0", "it-all": "^3.0.6", "it-batch": "^3.0.6", "it-first": "^3.0.6", "it-parallel-batch": "^3.0.6", "multiformats": "^13.2.3", "progress-events": "^1.0.1", "rabin-wasm": "^0.1.5", "uint8arraylist": "^2.4.8", "uint8arrays": "^5.1.0" } }, "sha512-12FqAAAE3YC6AHtYxZ944nDCabmvbNLdhNCVIN5RJIOri82ss62XdX4lsLpex9VvPzDIJyTAsrKJPcwM6hXGdQ=="],

    "@multiformats/dns/p-queue": ["p-queue@8.0.1", "", { "dependencies": { "eventemitter3": "^5.0.1", "p-timeout": "^6.1.2" } }, "sha512-NXzu9aQJTAzbBqOt2hwsR63ea7yvxJc0PwN/zobNAudYfb1B7R08SzB4TsLeSbUCuG467NhnoT0oO6w1qRO+BA=="],

    "@multiformats/murmur3/multiformats": ["multiformats@13.3.1", "", {}, "sha512-QxowxTNwJ3r5RMctoGA5p13w5RbRT2QDkoM+yFlqfLiioBp78nhDjnRLvmSBI9+KAqN4VdgOVWM9c0CHd86m3g=="],

    "debug/ms": ["ms@2.1.3", "", {}, "sha512-6FlzubTLZG3J2a/NVCAleEhjzq5oxgHyaCU9yYXvcLsvoVaHJq/s5xXI6/XXP6tz7R9xAOtHnSO/tXtF3WRTlA=="],

    "interface-blockstore/multiformats": ["multiformats@13.3.1", "", {}, "sha512-QxowxTNwJ3r5RMctoGA5p13w5RbRT2QDkoM+yFlqfLiioBp78nhDjnRLvmSBI9+KAqN4VdgOVWM9c0CHd86m3g=="],

    "ipfs-unixfs-importer/interface-blockstore": ["interface-blockstore@5.3.2", "", { "dependencies": { "interface-store": "^6.0.0", "multiformats": "^13.3.6" } }, "sha512-oA9Pjkxun/JHAsZrYEyKX+EoPjLciTzidE7wipLc/3YoHDjzsnXRJzAzFJXNUvogtY4g7hIwxArx8+WKJs2RIg=="],

    "ipfs-unixfs-importer/interface-store": ["interface-store@6.0.3", "", {}, "sha512-+WvfEZnFUhRwFxgz+QCQi7UC6o9AM0EHM9bpIe2Nhqb100NHCsTvNAn4eJgvgV2/tmLo1MP9nGxQKEcZTAueLA=="],

    "uint8arrays/multiformats": ["multiformats@13.3.1", "", {}, "sha512-QxowxTNwJ3r5RMctoGA5p13w5RbRT2QDkoM+yFlqfLiioBp78nhDjnRLvmSBI9+KAqN4VdgOVWM9c0CHd86m3g=="],

    "weald/supports-color": ["supports-color@9.4.0", "", {}, "sha512-VL+lNrEoIXww1coLPOmiEmK/0sGigko5COxI09KzHc2VJXJsQ37UaQ+8quuxjDeA7+KnLGTWRyOXSLLR2Wb4jw=="],

    "@bgd-labs/toolbox/blockstore-core/@libp2p/logger": ["@libp2p/logger@5.1.4", "", { "dependencies": { "@libp2p/interface": "^2.2.1", "@multiformats/multiaddr": "^12.2.3", "interface-datastore": "^8.3.0", "multiformats": "^13.1.0", "weald": "^1.0.2" } }, "sha512-pVQ2odi6rcOR412wM0dg7eZ1+wPHPo5D7W8vIn3YyB2FLodQD7CZXXfg7Z9Yaqlc4BVbkNXDWL/jlUss9wL2Ow=="],

    "@bgd-labs/toolbox/blockstore-core/it-filter": ["it-filter@3.1.1", "", { "dependencies": { "it-peekable": "^3.0.0" } }, "sha512-TOXmVuaSkxlLp2hXKoMTra0WMZMKVFxE3vSsbIA+PbADNCBAHhjJ/lM31vBOUTddHMO34Ku++vU8T9PLlBxQtg=="],

    "@bgd-labs/toolbox/blockstore-core/it-merge": ["it-merge@3.0.5", "", { "dependencies": { "it-pushable": "^3.2.3" } }, "sha512-2l7+mPf85pyRF5pqi0dKcA54E5Jm/2FyY5GsOaN51Ta0ipC7YZ3szuAsH8wOoB6eKY4XsU4k2X+mzPmFBMayEA=="],

    "@bgd-labs/toolbox/blockstore-core/multiformats": ["multiformats@13.3.1", "", {}, "sha512-QxowxTNwJ3r5RMctoGA5p13w5RbRT2QDkoM+yFlqfLiioBp78nhDjnRLvmSBI9+KAqN4VdgOVWM9c0CHd86m3g=="],

    "@bgd-labs/toolbox/ipfs-unixfs-importer/@ipld/dag-pb": ["@ipld/dag-pb@4.1.3", "", { "dependencies": { "multiformats": "^13.1.0" } }, "sha512-ueULCaaSCcD+dQga6nKiRr+RSeVgdiYiEPKVUu5iQMNYDN+9osd0KpR3UDd9uQQ+6RWuv9L34SchfEwj7YIbOA=="],

    "@bgd-labs/toolbox/ipfs-unixfs-importer/it-all": ["it-all@3.0.6", "", {}, "sha512-HXZWbxCgQZJfrv5rXvaVeaayXED8nTKx9tj9fpBhmcUJcedVZshMMMqTj0RG2+scGypb9Ut1zd1ifbf3lA8L+Q=="],

    "@bgd-labs/toolbox/ipfs-unixfs-importer/it-batch": ["it-batch@3.0.6", "", {}, "sha512-pQAAlSvJ4aV6xM/6LRvkPdKSKXxS4my2fGzNUxJyAQ8ccFdxPmK1bUuF5OoeUDkcdrbs8jtsmc4DypCMrGY6sg=="],

    "@bgd-labs/toolbox/ipfs-unixfs-importer/it-first": ["it-first@3.0.6", "", {}, "sha512-ExIewyK9kXKNAplg2GMeWfgjUcfC1FnUXz/RPfAvIXby+w7U4b3//5Lic0NV03gXT8O/isj5Nmp6KiY0d45pIQ=="],

    "@bgd-labs/toolbox/ipfs-unixfs-importer/it-parallel-batch": ["it-parallel-batch@3.0.6", "", { "dependencies": { "it-batch": "^3.0.0" } }, "sha512-3wgiQGvMMHy65OXScrtrtmY+bJSF7P6St1AP+BU+SK83fEr8NNk/MrmJKrtB1+MahYX2a8I+pOGKDj8qVtuV0Q=="],

    "@bgd-labs/toolbox/ipfs-unixfs-importer/multiformats": ["multiformats@13.3.1", "", {}, "sha512-QxowxTNwJ3r5RMctoGA5p13w5RbRT2QDkoM+yFlqfLiioBp78nhDjnRLvmSBI9+KAqN4VdgOVWM9c0CHd86m3g=="],

    "@bgd-labs/toolbox/blockstore-core/@libp2p/logger/@libp2p/interface": ["@libp2p/interface@2.2.1", "", { "dependencies": { "@multiformats/multiaddr": "^12.2.3", "it-pushable": "^3.2.3", "it-stream-types": "^2.0.1", "multiformats": "^13.1.0", "progress-events": "^1.0.0", "uint8arraylist": "^2.4.8" } }, "sha512-5dvsnf9+S5DoXCk5H3HNpe8lKzuXTi0k2On8Cdqr6YrkmrhCimow63AxtaUOVkH7GVBTTi8Q1jSx3aleX7KcEA=="],

    "@bgd-labs/toolbox/blockstore-core/@libp2p/logger/@multiformats/multiaddr": ["@multiformats/multiaddr@12.3.3", "", { "dependencies": { "@chainsafe/is-ip": "^2.0.1", "@chainsafe/netmask": "^2.0.0", "@multiformats/dns": "^1.0.3", "multiformats": "^13.0.0", "uint8-varint": "^2.0.1", "uint8arrays": "^5.0.0" } }, "sha512-3POIUN7myk8JbO8oi/FEyZoLQW2XMhwM/uB7hG5Zl1PgdXJR8UTH9QdQEp1jM358kd3yn+vtS4fFJdqdRk+O7A=="],
  }
}
