{
  "lib/aave-helpers": {
    "branch": {
      "name": "main",
      "rev": "227c7d5245256da1cee28ece0f00cd19cf36fee3"
    }
  },
  "lib/aave-v3-origin": {
    "branch": {
      "name": "v3.6.0",
      "rev": "28bb181c6f3bd2920978bbee6b27e5483f40bddf"
    }
  },
  "lib/forge-std": {
    "rev": "60acb7aaadcce2d68e52986a0a66fe79f07d138f"
  }
}