{
  "lib/aave-helpers": {
    "branch": {
      "name": "main",
      "rev": "2f8cbf05d47f8649731715e06b347f9df656bb8e"
    }
  },
  "lib/aave-v3-origin": {
    "branch": {
      "name": "v3.6.0",
      "rev": "5a93423dad7d62686a2e3591bfba03eea6659a57"
    }
  },
  "lib/aave-v3-origin-private": {
    "rev": "8651de9cfca597227ef486b1f944d84bfd28b552"
  },
  "lib/forge-std": {
    "rev": "60acb7aaadcce2d68e52986a0a66fe79f07d138f"
  }
}